
Microsoft Visual Studio Solution File, Format Version 12.00
# Visual Studio Version 17
VisualStudioVersion = 17.13.35828.75 d17.13
MinimumVisualStudioVersion = 10.0.40219.1
Project("{54A90642-561A-4BB1-A94E-469ADEE60C69}") = "mousemovelogger.client", "mousemovelogger.client\mousemovelogger.client.esproj", "{32AA8D88-B6C4-93D6-3631-AF75F38B5540}"
EndProject
Project("{FAE04EC0-301F-11D3-BF4B-00C04F79EFBC}") = "MouseMoveLogger.Server", "MouseMoveLogger.Server\MouseMoveLogger.Server.csproj", "{2A392A14-0627-40E9-A4C4-3F0AD1B743B6}"
EndProject
Global
	GlobalSection(SolutionConfigurationPlatforms) = preSolution
		Debug|Any CPU = Debug|Any CPU
		Release|Any CPU = Release|Any CPU
	EndGlobalSection
	GlobalSection(ProjectConfigurationPlatforms) = postSolution
		{32AA8D88-B6C4-93D6-3631-AF75F38B5540}.Debug|Any CPU.ActiveCfg = Debug|Any CPU
		{32AA8D88-B6C4-93D6-3631-AF75F38B5540}.Debug|Any CPU.Build.0 = Debug|Any CPU
		{32AA8D88-B6C4-93D6-3631-AF75F38B5540}.Debug|Any CPU.Deploy.0 = Debug|Any CPU
		{32AA8D88-B6C4-93D6-3631-AF75F38B5540}.Release|Any CPU.ActiveCfg = Release|Any CPU
		{32AA8D88-B6C4-93D6-3631-AF75F38B5540}.Release|Any CPU.Build.0 = Release|Any CPU
		{32AA8D88-B6C4-93D6-3631-AF75F38B5540}.Release|Any CPU.Deploy.0 = Release|Any CPU
		{2A392A14-0627-40E9-A4C4-3F0AD1B743B6}.Debug|Any CPU.ActiveCfg = Debug|Any CPU
		{2A392A14-0627-40E9-A4C4-3F0AD1B743B6}.Debug|Any CPU.Build.0 = Debug|Any CPU
		{2A392A14-0627-40E9-A4C4-3F0AD1B743B6}.Release|Any CPU.ActiveCfg = Release|Any CPU
		{2A392A14-0627-40E9-A4C4-3F0AD1B743B6}.Release|Any CPU.Build.0 = Release|Any CPU
	EndGlobalSection
	GlobalSection(SolutionProperties) = preSolution
		HideSolutionNode = FALSE
	EndGlobalSection
	GlobalSection(ExtensibilityGlobals) = postSolution
		SolutionGuid = {E23758AD-AC15-4A5B-8AF9-2F921FB7B5BE}
	EndGlobalSection
EndGlobal
